
Microsoft Visual Studio Solution File, Format Version 12.00
# Visual Studio Version 16
VisualStudioVersion = 16.0.29001.49
MinimumVisualStudioVersion = 10.0.40219.1
Project("{FAE04EC0-301F-11D3-BF4B-00C04F79EFBC}") = "PrimeNumber", "PrimeNumber\PrimeNumber.csproj", "{8AC4E8EA-51E2-44E8-9046-A32668B31F54}"
EndProject
Project("{FAE04EC0-301F-11D3-BF4B-00C04F79EFBC}") = "PrimeNumberUnitTest", "PrimeNumberUnitTest\PrimeNumberUnitTest.csproj", "{72AABF62-AE1A-4F08-9F2F-0A1D7DE56FCE}"
EndProject
Global
	GlobalSection(SolutionConfigurationPlatforms) = preSolution
		Debug|Any CPU = Debug|Any CPU
		Release|Any CPU = Release|Any CPU
	EndGlobalSection
	GlobalSection(ProjectConfigurationPlatforms) = postSolution
		{8AC4E8EA-51E2-44E8-9046-A32668B31F54}.Debug|Any CPU.ActiveCfg = Debug|Any CPU
		{8AC4E8EA-51E2-44E8-9046-A32668B31F54}.Debug|Any CPU.Build.0 = Debug|Any CPU
		{8AC4E8EA-51E2-44E8-9046-A32668B31F54}.Release|Any CPU.ActiveCfg = Release|Any CPU
		{8AC4E8EA-51E2-44E8-9046-A32668B31F54}.Release|Any CPU.Build.0 = Release|Any CPU
		{72AABF62-AE1A-4F08-9F2F-0A1D7DE56FCE}.Debug|Any CPU.ActiveCfg = Debug|Any CPU
		{72AABF62-AE1A-4F08-9F2F-0A1D7DE56FCE}.Debug|Any CPU.Build.0 = Debug|Any CPU
		{72AABF62-AE1A-4F08-9F2F-0A1D7DE56FCE}.Release|Any CPU.ActiveCfg = Release|Any CPU
		{72AABF62-AE1A-4F08-9F2F-0A1D7DE56FCE}.Release|Any CPU.Build.0 = Release|Any CPU
	EndGlobalSection
	GlobalSection(SolutionProperties) = preSolution
		HideSolutionNode = FALSE
	EndGlobalSection
	GlobalSection(ExtensibilityGlobals) = postSolution
		SolutionGuid = {1B1D8EA3-EA70-4C28-8F49-2A96544F1B0F}
	EndGlobalSection
EndGlobal
